
Microsoft Visual Studio Solution File, Format Version 12.00
# Visual Studio Version 17
VisualStudioVersion = 17.0.31903.59
MinimumVisualStudioVersion = 10.0.40219.1
Project("{9A19103F-16F7-4668-BE54-9A1E7A4F7556}") = "CreationDateSetter", "src\CreationDateSetter.Main\CreationDateSetter.csproj", "{263273E8-5C76-4DAE-B117-41A2175A56C8}"
EndProject
Project("{FAE04EC0-301F-11D3-BF4B-00C04F79EFBC}") = "CreationDateSetter.Tests", "tests\CreationDateSetter.Tests\CreationDateSetter.Tests\CreationDateSetter.Tests.csproj", "{B5D5B03B-6AFF-4F4F-89A0-B9FCC798329B}"
EndProject
Global
	GlobalSection(SolutionConfigurationPlatforms) = preSolution
		Debug|Any CPU = Debug|Any CPU
		Release|Any CPU = Release|Any CPU
	EndGlobalSection
	GlobalSection(ProjectConfigurationPlatforms) = postSolution
		{263273E8-5C76-4DAE-B117-41A2175A56C8}.Debug|Any CPU.ActiveCfg = Debug|Any CPU
		{263273E8-5C76-4DAE-B117-41A2175A56C8}.Debug|Any CPU.Build.0 = Debug|Any CPU
		{263273E8-5C76-4DAE-B117-41A2175A56C8}.Release|Any CPU.ActiveCfg = Release|Any CPU
		{263273E8-5C76-4DAE-B117-41A2175A56C8}.Release|Any CPU.Build.0 = Release|Any CPU
		{B5D5B03B-6AFF-4F4F-89A0-B9FCC798329B}.Debug|Any CPU.ActiveCfg = Debug|Any CPU
		{B5D5B03B-6AFF-4F4F-89A0-B9FCC798329B}.Debug|Any CPU.Build.0 = Debug|Any CPU
		{B5D5B03B-6AFF-4F4F-89A0-B9FCC798329B}.Release|Any CPU.ActiveCfg = Release|Any CPU
		{B5D5B03B-6AFF-4F4F-89A0-B9FCC798329B}.Release|Any CPU.Build.0 = Release|Any CPU
	EndGlobalSection
	GlobalSection(SolutionProperties) = preSolution
		HideSolutionNode = FALSE
	EndGlobalSection
	GlobalSection(ExtensibilityGlobals) = postSolution
		SolutionGuid = {90378F62-4DA0-45E7-A0F7-9281E72CD3B0}
	EndGlobalSection
EndGlobal
